
Microsoft Visual Studio Solution File, Format Version 12.00
# Visual Studio Version 17
VisualStudioVersion = 17.4.33205.214
MinimumVisualStudioVersion = 10.0.40219.1
Project("{FAE04EC0-301F-11D3-BF4B-00C04F79EFBC}") = "LineComparison2", "LineComparison2\LineComparison2.csproj", "{4144F8AA-D506-4C33-953F-C1B2E996E33D}"
EndProject
Global
	GlobalSection(SolutionConfigurationPlatforms) = preSolution
		Debug|Any CPU = Debug|Any CPU
		Release|Any CPU = Release|Any CPU
	EndGlobalSection
	GlobalSection(ProjectConfigurationPlatforms) = postSolution
		{4144F8AA-D506-4C33-953F-C1B2E996E33D}.Debug|Any CPU.ActiveCfg = Debug|Any CPU
		{4144F8AA-D506-4C33-953F-C1B2E996E33D}.Debug|Any CPU.Build.0 = Debug|Any CPU
		{4144F8AA-D506-4C33-953F-C1B2E996E33D}.Release|Any CPU.ActiveCfg = Release|Any CPU
		{4144F8AA-D506-4C33-953F-C1B2E996E33D}.Release|Any CPU.Build.0 = Release|Any CPU
	EndGlobalSection
	GlobalSection(SolutionProperties) = preSolution
		HideSolutionNode = FALSE
	EndGlobalSection
	GlobalSection(ExtensibilityGlobals) = postSolution
		SolutionGuid = {9144DC0A-EA2B-42AD-9856-75B143D95C75}
	EndGlobalSection
EndGlobal
